
Microsoft Visual Studio Solution File, Format Version 12.00
# Visual Studio Version 17
VisualStudioVersion = 17.1.32328.378
MinimumVisualStudioVersion = 10.0.40219.1
Project("{FAE04EC0-301F-11D3-BF4B-00C04F79EFBC}") = "Univ_WebSite_Api_Net_Use", "Univ_WebSite_Api_Net_Use\Univ_WebSite_Api_Net_Use.csproj", "{CCE83153-A492-4DE9-B4DA-32A7EE60E6C0}"
EndProject
Global
	GlobalSection(SolutionConfigurationPlatforms) = preSolution
		Debug|Any CPU = Debug|Any CPU
		Release|Any CPU = Release|Any CPU
	EndGlobalSection
	GlobalSection(ProjectConfigurationPlatforms) = postSolution
		{CCE83153-A492-4DE9-B4DA-32A7EE60E6C0}.Debug|Any CPU.ActiveCfg = Debug|Any CPU
		{CCE83153-A492-4DE9-B4DA-32A7EE60E6C0}.Debug|Any CPU.Build.0 = Debug|Any CPU
		{CCE83153-A492-4DE9-B4DA-32A7EE60E6C0}.Release|Any CPU.ActiveCfg = Release|Any CPU
		{CCE83153-A492-4DE9-B4DA-32A7EE60E6C0}.Release|Any CPU.Build.0 = Release|Any CPU
	EndGlobalSection
	GlobalSection(SolutionProperties) = preSolution
		HideSolutionNode = FALSE
	EndGlobalSection
	GlobalSection(ExtensibilityGlobals) = postSolution
		SolutionGuid = {43B2EA1E-DC6D-4152-AA5B-D52FE621B6D8}
	EndGlobalSection
EndGlobal
